{
  "spinel_pkg_spec": "0.1",
  "generated_at": "2026-05-12T07:10:51Z",
  "deps": [
    {
      "name": "gorin9/spnl-web",
      "url": "https://github.com/gorin9/spnl-web.git",
      "sha": "49cd5ebf1e9662ff28d08ee5241753cc4d6f0ba8",
      "file_count": 11,
      "tree_sha256": "cdde2eb1cd89d1366e6c6ebf147061f289a21f8d788ecc1e9802966a780f84cb"
    }
  ]
}
